
Microsoft Visual Studio Solution File, Format Version 12.00
# Visual Studio 15
VisualStudioVersion = 15.0.27428.2002
MinimumVisualStudioVersion = 10.0.40219.1
Project("{8BC9CEB8-8B4A-11D0-8D11-00A0C91BC942}") = "vspath_abs_to_relative", "vspath_abs_to_relative.vcxproj", "{CB71CAAB-4B07-4838-9876-A1F1CAA985FA}"
EndProject
Global
	GlobalSection(SolutionConfigurationPlatforms) = preSolution
		Debug|x64 = Debug|x64
		Debug|x86 = Debug|x86
		Release|x64 = Release|x64
		Release|x86 = Release|x86
	EndGlobalSection
	GlobalSection(ProjectConfigurationPlatforms) = postSolution
		{CB71CAAB-4B07-4838-9876-A1F1CAA985FA}.Debug|x64.ActiveCfg = Debug|x64
		{CB71CAAB-4B07-4838-9876-A1F1CAA985FA}.Debug|x64.Build.0 = Debug|x64
		{CB71CAAB-4B07-4838-9876-A1F1CAA985FA}.Debug|x86.ActiveCfg = Debug|Win32
		{CB71CAAB-4B07-4838-9876-A1F1CAA985FA}.Debug|x86.Build.0 = Debug|Win32
		{CB71CAAB-4B07-4838-9876-A1F1CAA985FA}.Release|x64.ActiveCfg = Release|x64
		{CB71CAAB-4B07-4838-9876-A1F1CAA985FA}.Release|x64.Build.0 = Release|x64
		{CB71CAAB-4B07-4838-9876-A1F1CAA985FA}.Release|x86.ActiveCfg = Release|Win32
		{CB71CAAB-4B07-4838-9876-A1F1CAA985FA}.Release|x86.Build.0 = Release|Win32
	EndGlobalSection
	GlobalSection(SolutionProperties) = preSolution
		HideSolutionNode = FALSE
	EndGlobalSection
	GlobalSection(ExtensibilityGlobals) = postSolution
		SolutionGuid = {3DC53F23-E535-4556-AE68-6E0C2AFA17D7}
	EndGlobalSection
EndGlobal
